
Microsoft Visual Studio Solution File, Format Version 12.00
# Visual Studio 15
VisualStudioVersion = 15.0.28307.779
MinimumVisualStudioVersion = 10.0.40219.1
Project("{9A19103F-16F7-4668-BE54-9A1E7A4F7556}") = "MushroomClassifier", "MushroomClassifier\MushroomClassifier.csproj", "{781E437D-C852-495F-B22B-6AC9C005509B}"
EndProject
Project("{2150E333-8FDC-42A3-9474-1A3956D46DE8}") = "Solution Items", "Solution Items", "{00E22AB5-0E51-44F4-8D14-E2A34B083503}"
	ProjectSection(SolutionItems) = preProject
		LICENSE = LICENSE
		README.md = README.md
	EndProjectSection
EndProject
Global
	GlobalSection(SolutionConfigurationPlatforms) = preSolution
		Debug|Any CPU = Debug|Any CPU
		Release|Any CPU = Release|Any CPU
	EndGlobalSection
	GlobalSection(ProjectConfigurationPlatforms) = postSolution
		{781E437D-C852-495F-B22B-6AC9C005509B}.Debug|Any CPU.ActiveCfg = Debug|Any CPU
		{781E437D-C852-495F-B22B-6AC9C005509B}.Debug|Any CPU.Build.0 = Debug|Any CPU
		{781E437D-C852-495F-B22B-6AC9C005509B}.Release|Any CPU.ActiveCfg = Release|Any CPU
		{781E437D-C852-495F-B22B-6AC9C005509B}.Release|Any CPU.Build.0 = Release|Any CPU
	EndGlobalSection
	GlobalSection(SolutionProperties) = preSolution
		HideSolutionNode = FALSE
	EndGlobalSection
	GlobalSection(ExtensibilityGlobals) = postSolution
		SolutionGuid = {8786D54D-AE84-487A-9744-F5084A6D9B1F}
	EndGlobalSection
EndGlobal
